// !$*UTF8*$!
{
	archiveVersion = 1;
	classes = {
	};
	objectVersion = 50;
	objects = {

/* Begin PBXBuildFile section */
		665BE8D425EF1EEF00BDC3A4 /* FavoritesVC.swift in Sources */ = {isa = PBXBuildFile; fileRef = 665BE8D325EF1EEF00BDC3A4 /* FavoritesVC.swift */; };
		665BE8D825EF1F3300BDC3A4 /* SearchVC.swift in Sources */ = {isa = PBXBuildFile; fileRef = 665BE8D725EF1F3300BDC3A4 /* SearchVC.swift */; };
		665BE8DB25EF253300BDC3A4 /* GFButton.swift in Sources */ = {isa = PBXBuildFile; fileRef = 665BE8DA25EF253300BDC3A4 /* GFButton.swift */; };
		665BE8DE25EF287C00BDC3A4 /* GFTextField.swift in Sources */ = {isa = PBXBuildFile; fileRef = 665BE8DD25EF287C00BDC3A4 /* GFTextField.swift */; };
		665BE8E525F374D200BDC3A4 /* FollowerListVC.swift in Sources */ = {isa = PBXBuildFile; fileRef = 665BE8E425F374D200BDC3A4 /* FollowerListVC.swift */; };
		665BE8E825FAF96300BDC3A4 /* GFTitleLabel.swift in Sources */ = {isa = PBXBuildFile; fileRef = 665BE8E725FAF96300BDC3A4 /* GFTitleLabel.swift */; };
		665BE8EB25FAFA6600BDC3A4 /* GFBodyLabel.swift in Sources */ = {isa = PBXBuildFile; fileRef = 665BE8EA25FAFA6600BDC3A4 /* GFBodyLabel.swift */; };
		665BE8EE25FAFB2700BDC3A4 /* GFAlertVC.swift in Sources */ = {isa = PBXBuildFile; fileRef = 665BE8ED25FAFB2700BDC3A4 /* GFAlertVC.swift */; };
		665BE8F125FB026900BDC3A4 /* UIViewController+Ext.swift in Sources */ = {isa = PBXBuildFile; fileRef = 665BE8F025FB026900BDC3A4 /* UIViewController+Ext.swift */; };
		665BE8F82606A1DD00BDC3A4 /* Follower.swift in Sources */ = {isa = PBXBuildFile; fileRef = 665BE8F72606A1DD00BDC3A4 /* Follower.swift */; };
		665BE8FB2606A27700BDC3A4 /* User.swift in Sources */ = {isa = PBXBuildFile; fileRef = 665BE8FA2606A27700BDC3A4 /* User.swift */; };
		665BE8FF260FEEE600BDC3A4 /* NetworkManager.swift in Sources */ = {isa = PBXBuildFile; fileRef = 665BE8FE260FEEE600BDC3A4 /* NetworkManager.swift */; };
		665BE90926227C9A00BDC3A4 /* FollowerCell.swift in Sources */ = {isa = PBXBuildFile; fileRef = 665BE90826227C9A00BDC3A4 /* FollowerCell.swift */; };
		665BE90D26227D2500BDC3A4 /* GFAvatarImageView.swift in Sources */ = {isa = PBXBuildFile; fileRef = 665BE90C26227D2500BDC3A4 /* GFAvatarImageView.swift */; };
		665BE9122633731E00BDC3A4 /* UIHelper.swift in Sources */ = {isa = PBXBuildFile; fileRef = 665BE9112633731E00BDC3A4 /* UIHelper.swift */; };
		665BE91B263A2A5600BDC3A4 /* GFEmptyStateView.swift in Sources */ = {isa = PBXBuildFile; fileRef = 665BE91A263A2A5600BDC3A4 /* GFEmptyStateView.swift */; };
		665BE91F264314F000BDC3A4 /* UserInfoVC.swift in Sources */ = {isa = PBXBuildFile; fileRef = 665BE91E264314F000BDC3A4 /* UserInfoVC.swift */; };
		665BE9222643244500BDC3A4 /* GFError.swift in Sources */ = {isa = PBXBuildFile; fileRef = 665BE9212643244500BDC3A4 /* GFError.swift */; };
		665BE92626461BA000BDC3A4 /* GFSecondaryTitleLabel.swift in Sources */ = {isa = PBXBuildFile; fileRef = 665BE92526461BA000BDC3A4 /* GFSecondaryTitleLabel.swift */; };
		665BE92926461F6D00BDC3A4 /* GFUserInfoHeaderVC.swift in Sources */ = {isa = PBXBuildFile; fileRef = 665BE92826461F6D00BDC3A4 /* GFUserInfoHeaderVC.swift */; };
		665BE92C26462BB500BDC3A4 /* Constants.swift in Sources */ = {isa = PBXBuildFile; fileRef = 665BE92B26462BB500BDC3A4 /* Constants.swift */; };
		665BE92F2649E79800BDC3A4 /* GFItemInfoView.swift in Sources */ = {isa = PBXBuildFile; fileRef = 665BE92E2649E79800BDC3A4 /* GFItemInfoView.swift */; };
		665BE9322649EDAE00BDC3A4 /* GFItemInfoVC.swift in Sources */ = {isa = PBXBuildFile; fileRef = 665BE9312649EDAE00BDC3A4 /* GFItemInfoVC.swift */; };
		665BE9352649F73100BDC3A4 /* GFRepoItemVC.swift in Sources */ = {isa = PBXBuildFile; fileRef = 665BE9342649F73100BDC3A4 /* GFRepoItemVC.swift */; };
		665BE9382649F8D600BDC3A4 /* GFFollowerItemVC.swift in Sources */ = {isa = PBXBuildFile; fileRef = 665BE9372649F8D600BDC3A4 /* GFFollowerItemVC.swift */; };
		665BE93D2651DC2F00BDC3A4 /* Date+Ext.swift in Sources */ = {isa = PBXBuildFile; fileRef = 665BE93C2651DC2F00BDC3A4 /* Date+Ext.swift */; };
		665BE9402651DC6500BDC3A4 /* String+Ext.swift in Sources */ = {isa = PBXBuildFile; fileRef = 665BE93F2651DC6500BDC3A4 /* String+Ext.swift */; };
		66DA277C268AE6C100687663 /* PersistenceManager.swift in Sources */ = {isa = PBXBuildFile; fileRef = 66DA277B268AE6C100687663 /* PersistenceManager.swift */; };
		66DA277E2693F2D500687663 /* FavoriteCell.swift in Sources */ = {isa = PBXBuildFile; fileRef = 66DA277D2693F2D500687663 /* FavoriteCell.swift */; };
		66DA278126966B2800687663 /* GFTabBarController.swift in Sources */ = {isa = PBXBuildFile; fileRef = 66DA278026966B2800687663 /* GFTabBarController.swift */; };
		66DA27852698F9C900687663 /* GFDataLoadingVC.swift in Sources */ = {isa = PBXBuildFile; fileRef = 66DA27842698F9C900687663 /* GFDataLoadingVC.swift */; };
		66DA2787269D0D0000687663 /* UIView+Ext.swift in Sources */ = {isa = PBXBuildFile; fileRef = 66DA2786269D0D0000687663 /* UIView+Ext.swift */; };
		66DA2789269FA31800687663 /* UITableView+Ext.swift in Sources */ = {isa = PBXBuildFile; fileRef = 66DA2788269FA31800687663 /* UITableView+Ext.swift */; };
		66F3213525E88A8E001A15C2 /* AppDelegate.swift in Sources */ = {isa = PBXBuildFile; fileRef = 66F3213425E88A8E001A15C2 /* AppDelegate.swift */; };
		66F3213725E88A8E001A15C2 /* SceneDelegate.swift in Sources */ = {isa = PBXBuildFile; fileRef = 66F3213625E88A8E001A15C2 /* SceneDelegate.swift */; };
		66F3213925E88A8E001A15C2 /* ViewController.swift in Sources */ = {isa = PBXBuildFile; fileRef = 66F3213825E88A8E001A15C2 /* ViewController.swift */; };
		66F3213E25E88A92001A15C2 /* Assets.xcassets in Resources */ = {isa = PBXBuildFile; fileRef = 66F3213D25E88A92001A15C2 /* Assets.xcassets */; };
/* End PBXBuildFile section */

/* Begin PBXFileReference section */
		665BE8D325EF1EEF00BDC3A4 /* FavoritesVC.swift */ = {isa = PBXFileReference; lastKnownFileType = sourcecode.swift; path = FavoritesVC.swift; sourceTree = "<group>"; };
		665BE8D725EF1F3300BDC3A4 /* SearchVC.swift */ = {isa = PBXFileReference; lastKnownFileType = sourcecode.swift; path = SearchVC.swift; sourceTree = "<group>"; };
		665BE8DA25EF253300BDC3A4 /* GFButton.swift */ = {isa = PBXFileReference; lastKnownFileType = sourcecode.swift; path = GFButton.swift; sourceTree = "<group>"; };
		665BE8DD25EF287C00BDC3A4 /* GFTextField.swift */ = {isa = PBXFileReference; lastKnownFileType = sourcecode.swift; path = GFTextField.swift; sourceTree = "<group>"; };
		665BE8E425F374D200BDC3A4 /* FollowerListVC.swift */ = {isa = PBXFileReference; lastKnownFileType = sourcecode.swift; path = FollowerListVC.swift; sourceTree = "<group>"; };
		665BE8E725FAF96300BDC3A4 /* GFTitleLabel.swift */ = {isa = PBXFileReference; lastKnownFileType = sourcecode.swift; path = GFTitleLabel.swift; sourceTree = "<group>"; };
		665BE8EA25FAFA6600BDC3A4 /* GFBodyLabel.swift */ = {isa = PBXFileReference; lastKnownFileType = sourcecode.swift; path = GFBodyLabel.swift; sourceTree = "<group>"; };
		665BE8ED25FAFB2700BDC3A4 /* GFAlertVC.swift */ = {isa = PBXFileReference; lastKnownFileType = sourcecode.swift; path = GFAlertVC.swift; sourceTree = "<group>"; };
		665BE8F025FB026900BDC3A4 /* UIViewController+Ext.swift */ = {isa = PBXFileReference; lastKnownFileType = sourcecode.swift; path = "UIViewController+Ext.swift"; sourceTree = "<group>"; };
		665BE8F72606A1DD00BDC3A4 /* Follower.swift */ = {isa = PBXFileReference; lastKnownFileType = sourcecode.swift; path = Follower.swift; sourceTree = "<group>"; };
		665BE8FA2606A27700BDC3A4 /* User.swift */ = {isa = PBXFileReference; lastKnownFileType = sourcecode.swift; path = User.swift; sourceTree = "<group>"; };
		665BE8FE260FEEE600BDC3A4 /* NetworkManager.swift */ = {isa = PBXFileReference; lastKnownFileType = sourcecode.swift; path = NetworkManager.swift; sourceTree = "<group>"; };
		665BE90826227C9A00BDC3A4 /* FollowerCell.swift */ = {isa = PBXFileReference; lastKnownFileType = sourcecode.swift; path = FollowerCell.swift; sourceTree = "<group>"; };
		665BE90C26227D2500BDC3A4 /* GFAvatarImageView.swift */ = {isa = PBXFileReference; lastKnownFileType = sourcecode.swift; path = GFAvatarImageView.swift; sourceTree = "<group>"; };
		665BE9112633731E00BDC3A4 /* UIHelper.swift */ = {isa = PBXFileReference; lastKnownFileType = sourcecode.swift; path = UIHelper.swift; sourceTree = "<group>"; };
		665BE91A263A2A5600BDC3A4 /* GFEmptyStateView.swift */ = {isa = PBXFileReference; lastKnownFileType = sourcecode.swift; path = GFEmptyStateView.swift; sourceTree = "<group>"; };
		665BE91E264314F000BDC3A4 /* UserInfoVC.swift */ = {isa = PBXFileReference; lastKnownFileType = sourcecode.swift; path = UserInfoVC.swift; sourceTree = "<group>"; };
		665BE9212643244500BDC3A4 /* GFError.swift */ = {isa = PBXFileReference; lastKnownFileType = sourcecode.swift; path = GFError.swift; sourceTree = "<group>"; };
		665BE92526461BA000BDC3A4 /* GFSecondaryTitleLabel.swift */ = {isa = PBXFileReference; lastKnownFileType = sourcecode.swift; path = GFSecondaryTitleLabel.swift; sourceTree = "<group>"; };
		665BE92826461F6D00BDC3A4 /* GFUserInfoHeaderVC.swift */ = {isa = PBXFileReference; lastKnownFileType = sourcecode.swift; path = GFUserInfoHeaderVC.swift; sourceTree = "<group>"; };
		665BE92B26462BB500BDC3A4 /* Constants.swift */ = {isa = PBXFileReference; lastKnownFileType = sourcecode.swift; path = Constants.swift; sourceTree = "<group>"; };
		665BE92E2649E79800BDC3A4 /* GFItemInfoView.swift */ = {isa = PBXFileReference; lastKnownFileType = sourcecode.swift; path = GFItemInfoView.swift; sourceTree = "<group>"; };
		665BE9312649EDAE00BDC3A4 /* GFItemInfoVC.swift */ = {isa = PBXFileReference; lastKnownFileType = sourcecode.swift; path = GFItemInfoVC.swift; sourceTree = "<group>"; };
		665BE9342649F73100BDC3A4 /* GFRepoItemVC.swift */ = {isa = PBXFileReference; lastKnownFileType = sourcecode.swift; path = GFRepoItemVC.swift; sourceTree = "<group>"; };
		665BE9372649F8D600BDC3A4 /* GFFollowerItemVC.swift */ = {isa = PBXFileReference; lastKnownFileType = sourcecode.swift; path = GFFollowerItemVC.swift; sourceTree = "<group>"; };
		665BE93C2651DC2F00BDC3A4 /* Date+Ext.swift */ = {isa = PBXFileReference; lastKnownFileType = sourcecode.swift; path = "Date+Ext.swift"; sourceTree = "<group>"; };
		665BE93F2651DC6500BDC3A4 /* String+Ext.swift */ = {isa = PBXFileReference; lastKnownFileType = sourcecode.swift; path = "String+Ext.swift"; sourceTree = "<group>"; };
		66DA277B268AE6C100687663 /* PersistenceManager.swift */ = {isa = PBXFileReference; lastKnownFileType = sourcecode.swift; path = PersistenceManager.swift; sourceTree = "<group>"; };
		66DA277D2693F2D500687663 /* FavoriteCell.swift */ = {isa = PBXFileReference; lastKnownFileType = sourcecode.swift; path = FavoriteCell.swift; sourceTree = "<group>"; };
		66DA278026966B2800687663 /* GFTabBarController.swift */ = {isa = PBXFileReference; lastKnownFileType = sourcecode.swift; path = GFTabBarController.swift; sourceTree = "<group>"; };
		66DA27842698F9C900687663 /* GFDataLoadingVC.swift */ = {isa = PBXFileReference; lastKnownFileType = sourcecode.swift; path = GFDataLoadingVC.swift; sourceTree = "<group>"; };
		66DA2786269D0D0000687663 /* UIView+Ext.swift */ = {isa = PBXFileReference; lastKnownFileType = sourcecode.swift; path = "UIView+Ext.swift"; sourceTree = "<group>"; };
		66DA2788269FA31800687663 /* UITableView+Ext.swift */ = {isa = PBXFileReference; lastKnownFileType = sourcecode.swift; path = "UITableView+Ext.swift"; sourceTree = "<group>"; };
		66F3213125E88A8E001A15C2 /* GHFollowersREMAKE.app */ = {isa = PBXFileReference; explicitFileType = wrapper.application; includeInIndex = 0; path = GHFollowersREMAKE.app; sourceTree = BUILT_PRODUCTS_DIR; };
		66F3213425E88A8E001A15C2 /* AppDelegate.swift */ = {isa = PBXFileReference; lastKnownFileType = sourcecode.swift; path = AppDelegate.swift; sourceTree = "<group>"; };
		66F3213625E88A8E001A15C2 /* SceneDelegate.swift */ = {isa = PBXFileReference; lastKnownFileType = sourcecode.swift; path = SceneDelegate.swift; sourceTree = "<group>"; };
		66F3213825E88A8E001A15C2 /* ViewController.swift */ = {isa = PBXFileReference; lastKnownFileType = sourcecode.swift; path = ViewController.swift; sourceTree = "<group>"; };
		66F3213D25E88A92001A15C2 /* Assets.xcassets */ = {isa = PBXFileReference; lastKnownFileType = folder.assetcatalog; path = Assets.xcassets; sourceTree = "<group>"; };
		66F3214225E88A92001A15C2 /* Info.plist */ = {isa = PBXFileReference; lastKnownFileType = text.plist.xml; path = Info.plist; sourceTree = "<group>"; };
/* End PBXFileReference section */

/* Begin PBXFrameworksBuildPhase section */
		66F3212E25E88A8E001A15C2 /* Frameworks */ = {
			isa = PBXFrameworksBuildPhase;
			buildActionMask = 2147483647;
			files = (
			);
			runOnlyForDeploymentPostprocessing = 0;
		};
/* End PBXFrameworksBuildPhase section */

/* Begin PBXGroup section */
		665BE8F325FB079800BDC3A4 /* Screens */ = {
			isa = PBXGroup;
			children = (
				665BE8E425F374D200BDC3A4 /* FollowerListVC.swift */,
				665BE8D725EF1F3300BDC3A4 /* SearchVC.swift */,
				665BE8D325EF1EEF00BDC3A4 /* FavoritesVC.swift */,
				665BE91E264314F000BDC3A4 /* UserInfoVC.swift */,
			);
			path = Screens;
			sourceTree = "<group>";
		};
		665BE8F425FB07A400BDC3A4 /* Custom Views */ = {
			isa = PBXGroup;
			children = (
				66DA277F26966B1000687663 /* TabBarControllers */,
				665BE919263A2A3C00BDC3A4 /* Views */,
				665BE918263A2A1300BDC3A4 /* Labels */,
				665BE917263A29CB00BDC3A4 /* ViewControllers */,
				665BE916263A29C500BDC3A4 /* ImageViews */,
				665BE915263A29BF00BDC3A4 /* TextFields */,
				665BE914263A29B500BDC3A4 /* Buttons */,
				665BE90726227C7100BDC3A4 /* Cells */,
			);
			path = "Custom Views";
			sourceTree = "<group>";
		};
		665BE8F525FB07F300BDC3A4 /* Extensions */ = {
			isa = PBXGroup;
			children = (
				665BE8F025FB026900BDC3A4 /* UIViewController+Ext.swift */,
				665BE93C2651DC2F00BDC3A4 /* Date+Ext.swift */,
				665BE93F2651DC6500BDC3A4 /* String+Ext.swift */,
				66DA2786269D0D0000687663 /* UIView+Ext.swift */,
				66DA2788269FA31800687663 /* UITableView+Ext.swift */,
			);
			path = Extensions;
			sourceTree = "<group>";
		};
		665BE8F62606A1BC00BDC3A4 /* Model */ = {
			isa = PBXGroup;
			children = (
				665BE8F72606A1DD00BDC3A4 /* Follower.swift */,
				665BE8FA2606A27700BDC3A4 /* User.swift */,
			);
			path = Model;
			sourceTree = "<group>";
		};
		665BE8FD260FEEC400BDC3A4 /* Managers */ = {
			isa = PBXGroup;
			children = (
				665BE8FE260FEEE600BDC3A4 /* NetworkManager.swift */,
				66DA277B268AE6C100687663 /* PersistenceManager.swift */,
			);
			path = Managers;
			sourceTree = "<group>";
		};
		665BE902261A58C500BDC3A4 /* Utilities */ = {
			isa = PBXGroup;
			children = (
				665BE9112633731E00BDC3A4 /* UIHelper.swift */,
				665BE9212643244500BDC3A4 /* GFError.swift */,
				665BE92B26462BB500BDC3A4 /* Constants.swift */,
			);
			path = Utilities;
			sourceTree = "<group>";
		};
		665BE90726227C7100BDC3A4 /* Cells */ = {
			isa = PBXGroup;
			children = (
				665BE90826227C9A00BDC3A4 /* FollowerCell.swift */,
				66DA277D2693F2D500687663 /* FavoriteCell.swift */,
			);
			path = Cells;
			sourceTree = "<group>";
		};
		665BE914263A29B500BDC3A4 /* Buttons */ = {
			isa = PBXGroup;
			children = (
				665BE8DA25EF253300BDC3A4 /* GFButton.swift */,
			);
			path = Buttons;
			sourceTree = "<group>";
		};
		665BE915263A29BF00BDC3A4 /* TextFields */ = {
			isa = PBXGroup;
			children = (
				665BE8DD25EF287C00BDC3A4 /* GFTextField.swift */,
			);
			path = TextFields;
			sourceTree = "<group>";
		};
		665BE916263A29C500BDC3A4 /* ImageViews */ = {
			isa = PBXGroup;
			children = (
				665BE90C26227D2500BDC3A4 /* GFAvatarImageView.swift */,
			);
			path = ImageViews;
			sourceTree = "<group>";
		};
		665BE917263A29CB00BDC3A4 /* ViewControllers */ = {
			isa = PBXGroup;
			children = (
				665BE93A2649F96C00BDC3A4 /* itemInfoVCs */,
				665BE8ED25FAFB2700BDC3A4 /* GFAlertVC.swift */,
				665BE92826461F6D00BDC3A4 /* GFUserInfoHeaderVC.swift */,
				66DA27842698F9C900687663 /* GFDataLoadingVC.swift */,
			);
			path = ViewControllers;
			sourceTree = "<group>";
		};
		665BE918263A2A1300BDC3A4 /* Labels */ = {
			isa = PBXGroup;
			children = (
				665BE8E725FAF96300BDC3A4 /* GFTitleLabel.swift */,
				665BE8EA25FAFA6600BDC3A4 /* GFBodyLabel.swift */,
				665BE92526461BA000BDC3A4 /* GFSecondaryTitleLabel.swift */,
			);
			path = Labels;
			sourceTree = "<group>";
		};
		665BE919263A2A3C00BDC3A4 /* Views */ = {
			isa = PBXGroup;
			children = (
				665BE91A263A2A5600BDC3A4 /* GFEmptyStateView.swift */,
				665BE92E2649E79800BDC3A4 /* GFItemInfoView.swift */,
			);
			path = Views;
			sourceTree = "<group>";
		};
		665BE93A2649F96C00BDC3A4 /* itemInfoVCs */ = {
			isa = PBXGroup;
			children = (
				665BE9312649EDAE00BDC3A4 /* GFItemInfoVC.swift */,
				665BE9342649F73100BDC3A4 /* GFRepoItemVC.swift */,
				665BE9372649F8D600BDC3A4 /* GFFollowerItemVC.swift */,
			);
			path = itemInfoVCs;
			sourceTree = "<group>";
		};
		66DA277F26966B1000687663 /* TabBarControllers */ = {
			isa = PBXGroup;
			children = (
				66DA278026966B2800687663 /* GFTabBarController.swift */,
			);
			path = TabBarControllers;
			sourceTree = "<group>";
		};
		66F3212825E88A8E001A15C2 = {
			isa = PBXGroup;
			children = (
				66F3213325E88A8E001A15C2 /* GHFollowersREMAKE */,
			);
			sourceTree = "<group>";
		};
		66F3213225E88A8E001A15C2 /* Products */ = {
			isa = PBXGroup;
			children = (
				66F3213125E88A8E001A15C2 /* GHFollowersREMAKE.app */,
			);
			name = Products;
			path = ..;
			sourceTree = "<group>";
		};
		66F3213325E88A8E001A15C2 /* GHFollowersREMAKE */ = {
			isa = PBXGroup;
			children = (
				665BE902261A58C500BDC3A4 /* Utilities */,
				665BE8FD260FEEC400BDC3A4 /* Managers */,
				665BE8F62606A1BC00BDC3A4 /* Model */,
				665BE8F525FB07F300BDC3A4 /* Extensions */,
				665BE8F425FB07A400BDC3A4 /* Custom Views */,
				665BE8F325FB079800BDC3A4 /* Screens */,
				66F3213425E88A8E001A15C2 /* AppDelegate.swift */,
				66F3213625E88A8E001A15C2 /* SceneDelegate.swift */,
				66F3213825E88A8E001A15C2 /* ViewController.swift */,
				66F3213D25E88A92001A15C2 /* Assets.xcassets */,
				66F3213225E88A8E001A15C2 /* Products */,
				66F3214225E88A92001A15C2 /* Info.plist */,
			);
			path = GHFollowersREMAKE;
			sourceTree = "<group>";
		};
/* End PBXGroup section */

/* Begin PBXNativeTarget section */
		66F3213025E88A8E001A15C2 /* GHFollowersREMAKE */ = {
			isa = PBXNativeTarget;
			buildConfigurationList = 66F3214525E88A92001A15C2 /* Build configuration list for PBXNativeTarget "GHFollowersREMAKE" */;
			buildPhases = (
				66F3212D25E88A8E001A15C2 /* Sources */,
				66F3212E25E88A8E001A15C2 /* Frameworks */,
				66F3212F25E88A8E001A15C2 /* Resources */,
			);
			buildRules = (
			);
			dependencies = (
			);
			name = GHFollowersREMAKE;
			productName = GHFollowersREMAKE;
			productReference = 66F3213125E88A8E001A15C2 /* GHFollowersREMAKE.app */;
			productType = "com.apple.product-type.application";
		};
/* End PBXNativeTarget section */

/* Begin PBXProject section */
		66F3212925E88A8E001A15C2 /* Project object */ = {
			isa = PBXProject;
			attributes = {
				LastSwiftUpdateCheck = 1240;
				LastUpgradeCheck = 1240;
				TargetAttributes = {
					66F3213025E88A8E001A15C2 = {
						CreatedOnToolsVersion = 12.4;
					};
				};
			};
			buildConfigurationList = 66F3212C25E88A8E001A15C2 /* Build configuration list for PBXProject "GHFollowersREMAKE" */;
			compatibilityVersion = "Xcode 9.3";
			developmentRegion = en;
			hasScannedForEncodings = 0;
			knownRegions = (
				en,
				Base,
			);
			mainGroup = 66F3212825E88A8E001A15C2;
			productRefGroup = 66F3213225E88A8E001A15C2 /* Products */;
			projectDirPath = "";
			projectRoot = "";
			targets = (
				66F3213025E88A8E001A15C2 /* GHFollowersREMAKE */,
			);
		};
/* End PBXProject section */

/* Begin PBXResourcesBuildPhase section */
		66F3212F25E88A8E001A15C2 /* Resources */ = {
			isa = PBXResourcesBuildPhase;
			buildActionMask = 2147483647;
			files = (
				66F3213E25E88A92001A15C2 /* Assets.xcassets in Resources */,
			);
			runOnlyForDeploymentPostprocessing = 0;
		};
/* End PBXResourcesBuildPhase section */

/* Begin PBXSourcesBuildPhase section */
		66F3212D25E88A8E001A15C2 /* Sources */ = {
			isa = PBXSourcesBuildPhase;
			buildActionMask = 2147483647;
			files = (
				665BE8D425EF1EEF00BDC3A4 /* FavoritesVC.swift in Sources */,
				665BE9222643244500BDC3A4 /* GFError.swift in Sources */,
				665BE8D825EF1F3300BDC3A4 /* SearchVC.swift in Sources */,
				665BE8F125FB026900BDC3A4 /* UIViewController+Ext.swift in Sources */,
				665BE8DB25EF253300BDC3A4 /* GFButton.swift in Sources */,
				66F3213925E88A8E001A15C2 /* ViewController.swift in Sources */,
				66DA27852698F9C900687663 /* GFDataLoadingVC.swift in Sources */,
				665BE91B263A2A5600BDC3A4 /* GFEmptyStateView.swift in Sources */,
				66F3213525E88A8E001A15C2 /* AppDelegate.swift in Sources */,
				665BE8FB2606A27700BDC3A4 /* User.swift in Sources */,
				665BE90926227C9A00BDC3A4 /* FollowerCell.swift in Sources */,
				665BE90D26227D2500BDC3A4 /* GFAvatarImageView.swift in Sources */,
				665BE8EE25FAFB2700BDC3A4 /* GFAlertVC.swift in Sources */,
				66DA277C268AE6C100687663 /* PersistenceManager.swift in Sources */,
				66DA277E2693F2D500687663 /* FavoriteCell.swift in Sources */,
				665BE9352649F73100BDC3A4 /* GFRepoItemVC.swift in Sources */,
				665BE91F264314F000BDC3A4 /* UserInfoVC.swift in Sources */,
				665BE8F82606A1DD00BDC3A4 /* Follower.swift in Sources */,
				66F3213725E88A8E001A15C2 /* SceneDelegate.swift in Sources */,
				665BE92926461F6D00BDC3A4 /* GFUserInfoHeaderVC.swift in Sources */,
				665BE92626461BA000BDC3A4 /* GFSecondaryTitleLabel.swift in Sources */,
				66DA2789269FA31800687663 /* UITableView+Ext.swift in Sources */,
				665BE9402651DC6500BDC3A4 /* String+Ext.swift in Sources */,
				665BE8E825FAF96300BDC3A4 /* GFTitleLabel.swift in Sources */,
				665BE9322649EDAE00BDC3A4 /* GFItemInfoVC.swift in Sources */,
				665BE9382649F8D600BDC3A4 /* GFFollowerItemVC.swift in Sources */,
				665BE8E525F374D200BDC3A4 /* FollowerListVC.swift in Sources */,
				665BE9122633731E00BDC3A4 /* UIHelper.swift in Sources */,
				665BE93D2651DC2F00BDC3A4 /* Date+Ext.swift in Sources */,
				665BE8FF260FEEE600BDC3A4 /* NetworkManager.swift in Sources */,
				665BE8DE25EF287C00BDC3A4 /* GFTextField.swift in Sources */,
				665BE92F2649E79800BDC3A4 /* GFItemInfoView.swift in Sources */,
				665BE8EB25FAFA6600BDC3A4 /* GFBodyLabel.swift in Sources */,
				66DA2787269D0D0000687663 /* UIView+Ext.swift in Sources */,
				665BE92C26462BB500BDC3A4 /* Constants.swift in Sources */,
				66DA278126966B2800687663 /* GFTabBarController.swift in Sources */,
			);
			runOnlyForDeploymentPostprocessing = 0;
		};
/* End PBXSourcesBuildPhase section */

/* Begin XCBuildConfiguration section */
		66F3214325E88A92001A15C2 /* Debug */ = {
			isa = XCBuildConfiguration;
			buildSettings = {
				ALWAYS_SEARCH_USER_PATHS = NO;
				CLANG_ANALYZER_NONNULL = YES;
				CLANG_ANALYZER_NUMBER_OBJECT_CONVERSION = YES_AGGRESSIVE;
				CLANG_CXX_LANGUAGE_STANDARD = "gnu++14";
				CLANG_CXX_LIBRARY = "libc++";
				CLANG_ENABLE_MODULES = YES;
				CLANG_ENABLE_OBJC_ARC = YES;
				CLANG_ENABLE_OBJC_WEAK = YES;
				CLANG_WARN_BLOCK_CAPTURE_AUTORELEASING = YES;
				CLANG_WARN_BOOL_CONVERSION = YES;
				CLANG_WARN_COMMA = YES;
				CLANG_WARN_CONSTANT_CONVERSION = YES;
				CLANG_WARN_DEPRECATED_OBJC_IMPLEMENTATIONS = YES;
				CLANG_WARN_DIRECT_OBJC_ISA_USAGE = YES_ERROR;
				CLANG_WARN_DOCUMENTATION_COMMENTS = YES;
				CLANG_WARN_EMPTY_BODY = YES;
				CLANG_WARN_ENUM_CONVERSION = YES;
				CLANG_WARN_INFINITE_RECURSION = YES;
				CLANG_WARN_INT_CONVERSION = YES;
				CLANG_WARN_NON_LITERAL_NULL_CONVERSION = YES;
				CLANG_WARN_OBJC_IMPLICIT_RETAIN_SELF = YES;
				CLANG_WARN_OBJC_LITERAL_CONVERSION = YES;
				CLANG_WARN_OBJC_ROOT_CLASS = YES_ERROR;
				CLANG_WARN_QUOTED_INCLUDE_IN_FRAMEWORK_HEADER = YES;
				CLANG_WARN_RANGE_LOOP_ANALYSIS = YES;
				CLANG_WARN_STRICT_PROTOTYPES = YES;
				CLANG_WARN_SUSPICIOUS_MOVE = YES;
				CLANG_WARN_UNGUARDED_AVAILABILITY = YES_AGGRESSIVE;
				CLANG_WARN_UNREACHABLE_CODE = YES;
				CLANG_WARN__DUPLICATE_METHOD_MATCH = YES;
				COPY_PHASE_STRIP = NO;
				DEBUG_INFORMATION_FORMAT = dwarf;
				ENABLE_STRICT_OBJC_MSGSEND = YES;
				ENABLE_TESTABILITY = YES;
				GCC_C_LANGUAGE_STANDARD = gnu11;
				GCC_DYNAMIC_NO_PIC = NO;
				GCC_NO_COMMON_BLOCKS = YES;
				GCC_OPTIMIZATION_LEVEL = 0;
				GCC_PREPROCESSOR_DEFINITIONS = (
					"DEBUG=1",
					"$(inherited)",
				);
				GCC_WARN_64_TO_32_BIT_CONVERSION = YES;
				GCC_WARN_ABOUT_RETURN_TYPE = YES_ERROR;
				GCC_WARN_UNDECLARED_SELECTOR = YES;
				GCC_WARN_UNINITIALIZED_AUTOS = YES_AGGRESSIVE;
				GCC_WARN_UNUSED_FUNCTION = YES;
				GCC_WARN_UNUSED_VARIABLE = YES;
				IPHONEOS_DEPLOYMENT_TARGET = 14.4;
				MTL_ENABLE_DEBUG_INFO = INCLUDE_SOURCE;
				MTL_FAST_MATH = YES;
				ONLY_ACTIVE_ARCH = YES;
				SDKROOT = iphoneos;
				SWIFT_ACTIVE_COMPILATION_CONDITIONS = DEBUG;
				SWIFT_OPTIMIZATION_LEVEL = "-Onone";
			};
			name = Debug;
		};
		66F3214425E88A92001A15C2 /* Release */ = {
			isa = XCBuildConfiguration;
			buildSettings = {
				ALWAYS_SEARCH_USER_PATHS = NO;
				CLANG_ANALYZER_NONNULL = YES;
				CLANG_ANALYZER_NUMBER_OBJECT_CONVERSION = YES_AGGRESSIVE;
				CLANG_CXX_LANGUAGE_STANDARD = "gnu++14";
				CLANG_CXX_LIBRARY = "libc++";
				CLANG_ENABLE_MODULES = YES;
				CLANG_ENABLE_OBJC_ARC = YES;
				CLANG_ENABLE_OBJC_WEAK = YES;
				CLANG_WARN_BLOCK_CAPTURE_AUTORELEASING = YES;
				CLANG_WARN_BOOL_CONVERSION = YES;
				CLANG_WARN_COMMA = YES;
				CLANG_WARN_CONSTANT_CONVERSION = YES;
				CLANG_WARN_DEPRECATED_OBJC_IMPLEMENTATIONS = YES;
				CLANG_WARN_DIRECT_OBJC_ISA_USAGE = YES_ERROR;
				CLANG_WARN_DOCUMENTATION_COMMENTS = YES;
				CLANG_WARN_EMPTY_BODY = YES;
				CLANG_WARN_ENUM_CONVERSION = YES;
				CLANG_WARN_INFINITE_RECURSION = YES;
				CLANG_WARN_INT_CONVERSION = YES;
				CLANG_WARN_NON_LITERAL_NULL_CONVERSION = YES;
				CLANG_WARN_OBJC_IMPLICIT_RETAIN_SELF = YES;
				CLANG_WARN_OBJC_LITERAL_CONVERSION = YES;
				CLANG_WARN_OBJC_ROOT_CLASS = YES_ERROR;
				CLANG_WARN_QUOTED_INCLUDE_IN_FRAMEWORK_HEADER = YES;
				CLANG_WARN_RANGE_LOOP_ANALYSIS = YES;
				CLANG_WARN_STRICT_PROTOTYPES = YES;
				CLANG_WARN_SUSPICIOUS_MOVE = YES;
				CLANG_WARN_UNGUARDED_AVAILABILITY = YES_AGGRESSIVE;
				CLANG_WARN_UNREACHABLE_CODE = YES;
				CLANG_WARN__DUPLICATE_METHOD_MATCH = YES;
				COPY_PHASE_STRIP = NO;
				DEBUG_INFORMATION_FORMAT = "dwarf-with-dsym";
				ENABLE_NS_ASSERTIONS = NO;
				ENABLE_STRICT_OBJC_MSGSEND = YES;
				GCC_C_LANGUAGE_STANDARD = gnu11;
				GCC_NO_COMMON_BLOCKS = YES;
				GCC_WARN_64_TO_32_BIT_CONVERSION = YES;
				GCC_WARN_ABOUT_RETURN_TYPE = YES_ERROR;
				GCC_WARN_UNDECLARED_SELECTOR = YES;
				GCC_WARN_UNINITIALIZED_AUTOS = YES_AGGRESSIVE;
				GCC_WARN_UNUSED_FUNCTION = YES;
				GCC_WARN_UNUSED_VARIABLE = YES;
				IPHONEOS_DEPLOYMENT_TARGET = 14.4;
				MTL_ENABLE_DEBUG_INFO = NO;
				MTL_FAST_MATH = YES;
				SDKROOT = iphoneos;
				SWIFT_COMPILATION_MODE = wholemodule;
				SWIFT_OPTIMIZATION_LEVEL = "-O";
				VALIDATE_PRODUCT = YES;
			};
			name = Release;
		};
		66F3214625E88A92001A15C2 /* Debug */ = {
			isa = XCBuildConfiguration;
			buildSettings = {
				ASSETCATALOG_COMPILER_APPICON_NAME = AppIcon;
				ASSETCATALOG_COMPILER_GLOBAL_ACCENT_COLOR_NAME = AccentColor;
				CODE_SIGN_STYLE = Automatic;
				DEVELOPMENT_TEAM = 27TJPLK9L4;
				INFOPLIST_FILE = GHFollowersREMAKE/Info.plist;
				LD_RUNPATH_SEARCH_PATHS = (
					"$(inherited)",
					"@executable_path/Frameworks",
				);
				PRODUCT_BUNDLE_IDENTIFIER = Billypak.GHFollowersREMAKE;
				PRODUCT_NAME = "$(TARGET_NAME)";
				SWIFT_VERSION = 5.0;
				TARGETED_DEVICE_FAMILY = 1;
			};
			name = Debug;
		};
		66F3214725E88A92001A15C2 /* Release */ = {
			isa = XCBuildConfiguration;
			buildSettings = {
				ASSETCATALOG_COMPILER_APPICON_NAME = AppIcon;
				ASSETCATALOG_COMPILER_GLOBAL_ACCENT_COLOR_NAME = AccentColor;
				CODE_SIGN_STYLE = Automatic;
				DEVELOPMENT_TEAM = 27TJPLK9L4;
				INFOPLIST_FILE = GHFollowersREMAKE/Info.plist;
				LD_RUNPATH_SEARCH_PATHS = (
					"$(inherited)",
					"@executable_path/Frameworks",
				);
				PRODUCT_BUNDLE_IDENTIFIER = Billypak.GHFollowersREMAKE;
				PRODUCT_NAME = "$(TARGET_NAME)";
				SWIFT_VERSION = 5.0;
				TARGETED_DEVICE_FAMILY = 1;
			};
			name = Release;
		};
/* End XCBuildConfiguration section */

/* Begin XCConfigurationList section */
		66F3212C25E88A8E001A15C2 /* Build configuration list for PBXProject "GHFollowersREMAKE" */ = {
			isa = XCConfigurationList;
			buildConfigurations = (
				66F3214325E88A92001A15C2 /* Debug */,
				66F3214425E88A92001A15C2 /* Release */,
			);
			defaultConfigurationIsVisible = 0;
			defaultConfigurationName = Release;
		};
		66F3214525E88A92001A15C2 /* Build configuration list for PBXNativeTarget "GHFollowersREMAKE" */ = {
			isa = XCConfigurationList;
			buildConfigurations = (
				66F3214625E88A92001A15C2 /* Debug */,
				66F3214725E88A92001A15C2 /* Release */,
			);
			defaultConfigurationIsVisible = 0;
			defaultConfigurationName = Release;
		};
/* End XCConfigurationList section */
	};
	rootObject = 66F3212925E88A8E001A15C2 /* Project object */;
}
